// !$*UTF8*$!
{
	archiveVersion = 1;
	classes = {
	};
	objectVersion = 50;
	objects = {

/* Begin PBXBuildFile section */
		EA13956120E7EA4B0070D4F7 /* UIButtonExtension.swift in Sources */ = {isa = PBXBuildFile; fileRef = EA13956020E7EA4B0070D4F7 /* UIButtonExtension.swift */; };
		EA22D39C20D3EAD700A160F5 /* AppDelegate.swift in Sources */ = {isa = PBXBuildFile; fileRef = EA22D39B20D3EAD700A160F5 /* AppDelegate.swift */; };
		EA22D39E20D3EAD700A160F5 /* ViewController.swift in Sources */ = {isa = PBXBuildFile; fileRef = EA22D39D20D3EAD700A160F5 /* ViewController.swift */; };
		EA22D3A120D3EAD700A160F5 /* Main.storyboard in Resources */ = {isa = PBXBuildFile; fileRef = EA22D39F20D3EAD700A160F5 /* Main.storyboard */; };
		EA22D3A320D3EAD800A160F5 /* Assets.xcassets in Resources */ = {isa = PBXBuildFile; fileRef = EA22D3A220D3EAD800A160F5 /* Assets.xcassets */; };
		EA22D3A620D3EAD800A160F5 /* LaunchScreen.storyboard in Resources */ = {isa = PBXBuildFile; fileRef = EA22D3A420D3EAD800A160F5 /* LaunchScreen.storyboard */; };
		EA22D3AE20D41EFF00A160F5 /* Story.swift in Sources */ = {isa = PBXBuildFile; fileRef = EA22D3AD20D41EFF00A160F5 /* Story.swift */; };
		EA22D3B020D4250700A160F5 /* Page.swift in Sources */ = {isa = PBXBuildFile; fileRef = EA22D3AF20D4250700A160F5 /* Page.swift */; };
		EA22D3B620D42AC900A160F5 /* PageController.swift in Sources */ = {isa = PBXBuildFile; fileRef = EA22D3B520D42AC900A160F5 /* PageController.swift */; };
		EA403B3E20DC21B400166347 /* HappyEnding.wav in Resources */ = {isa = PBXBuildFile; fileRef = EA403B3B20DC21B400166347 /* HappyEnding.wav */; };
		EA403B3F20DC21B400166347 /* PageTurn.wav in Resources */ = {isa = PBXBuildFile; fileRef = EA403B3C20DC21B400166347 /* PageTurn.wav */; };
		EA403B4020DC21B400166347 /* Ominous.wav in Resources */ = {isa = PBXBuildFile; fileRef = EA403B3D20DC21B400166347 /* Ominous.wav */; };
		EA403B4220DC223900166347 /* Audio.swift in Sources */ = {isa = PBXBuildFile; fileRef = EA403B4120DC223900166347 /* Audio.swift */; };
/* End PBXBuildFile section */

/* Begin PBXFileReference section */
		EA13956020E7EA4B0070D4F7 /* UIButtonExtension.swift */ = {isa = PBXFileReference; lastKnownFileType = sourcecode.swift; path = UIButtonExtension.swift; sourceTree = "<group>"; };
		EA22D39820D3EAD700A160F5 /* Fate Twist.app */ = {isa = PBXFileReference; explicitFileType = wrapper.application; includeInIndex = 0; path = "Fate Twist.app"; sourceTree = BUILT_PRODUCTS_DIR; };
		EA22D39B20D3EAD700A160F5 /* AppDelegate.swift */ = {isa = PBXFileReference; lastKnownFileType = sourcecode.swift; path = AppDelegate.swift; sourceTree = "<group>"; };
		EA22D39D20D3EAD700A160F5 /* ViewController.swift */ = {isa = PBXFileReference; lastKnownFileType = sourcecode.swift; path = ViewController.swift; sourceTree = "<group>"; };
		EA22D3A020D3EAD700A160F5 /* Base */ = {isa = PBXFileReference; lastKnownFileType = file.storyboard; name = Base; path = Base.lproj/Main.storyboard; sourceTree = "<group>"; };
		EA22D3A220D3EAD800A160F5 /* Assets.xcassets */ = {isa = PBXFileReference; lastKnownFileType = folder.assetcatalog; path = Assets.xcassets; sourceTree = "<group>"; };
		EA22D3A520D3EAD800A160F5 /* Base */ = {isa = PBXFileReference; lastKnownFileType = file.storyboard; name = Base; path = Base.lproj/LaunchScreen.storyboard; sourceTree = "<group>"; };
		EA22D3A720D3EAD800A160F5 /* Info.plist */ = {isa = PBXFileReference; lastKnownFileType = text.plist.xml; path = Info.plist; sourceTree = "<group>"; };
		EA22D3AD20D41EFF00A160F5 /* Story.swift */ = {isa = PBXFileReference; lastKnownFileType = sourcecode.swift; path = Story.swift; sourceTree = "<group>"; };
		EA22D3AF20D4250700A160F5 /* Page.swift */ = {isa = PBXFileReference; lastKnownFileType = sourcecode.swift; path = Page.swift; sourceTree = "<group>"; };
		EA22D3B520D42AC900A160F5 /* PageController.swift */ = {isa = PBXFileReference; lastKnownFileType = sourcecode.swift; path = PageController.swift; sourceTree = "<group>"; };
		EA403B3B20DC21B400166347 /* HappyEnding.wav */ = {isa = PBXFileReference; lastKnownFileType = audio.wav; path = HappyEnding.wav; sourceTree = "<group>"; };
		EA403B3C20DC21B400166347 /* PageTurn.wav */ = {isa = PBXFileReference; lastKnownFileType = audio.wav; path = PageTurn.wav; sourceTree = "<group>"; };
		EA403B3D20DC21B400166347 /* Ominous.wav */ = {isa = PBXFileReference; lastKnownFileType = audio.wav; path = Ominous.wav; sourceTree = "<group>"; };
		EA403B4120DC223900166347 /* Audio.swift */ = {isa = PBXFileReference; lastKnownFileType = sourcecode.swift; path = Audio.swift; sourceTree = "<group>"; };
/* End PBXFileReference section */

/* Begin PBXFrameworksBuildPhase section */
		EA22D39520D3EAD700A160F5 /* Frameworks */ = {
			isa = PBXFrameworksBuildPhase;
			buildActionMask = 2147483647;
			files = (
			);
			runOnlyForDeploymentPostprocessing = 0;
		};
/* End PBXFrameworksBuildPhase section */

/* Begin PBXGroup section */
		EA22D38F20D3EAD700A160F5 = {
			isa = PBXGroup;
			children = (
				EA22D39A20D3EAD700A160F5 /* Fate Twist */,
				EA22D39920D3EAD700A160F5 /* Products */,
			);
			sourceTree = "<group>";
		};
		EA22D39920D3EAD700A160F5 /* Products */ = {
			isa = PBXGroup;
			children = (
				EA22D39820D3EAD700A160F5 /* Fate Twist.app */,
			);
			name = Products;
			sourceTree = "<group>";
		};
		EA22D39A20D3EAD700A160F5 /* Fate Twist */ = {
			isa = PBXGroup;
			children = (
				EA22D39B20D3EAD700A160F5 /* AppDelegate.swift */,
				EA22D39D20D3EAD700A160F5 /* ViewController.swift */,
				EA22D3B520D42AC900A160F5 /* PageController.swift */,
				EA22D3AF20D4250700A160F5 /* Page.swift */,
				EA22D3AD20D41EFF00A160F5 /* Story.swift */,
				EA13956020E7EA4B0070D4F7 /* UIButtonExtension.swift */,
				EA22D39F20D3EAD700A160F5 /* Main.storyboard */,
				EA403B3A20DC218800166347 /* Resources */,
				EA403B4120DC223900166347 /* Audio.swift */,
				EA22D3A220D3EAD800A160F5 /* Assets.xcassets */,
				EA22D3A420D3EAD800A160F5 /* LaunchScreen.storyboard */,
				EA22D3A720D3EAD800A160F5 /* Info.plist */,
			);
			path = "Fate Twist";
			sourceTree = "<group>";
		};
		EA403B3A20DC218800166347 /* Resources */ = {
			isa = PBXGroup;
			children = (
				EA403B3B20DC21B400166347 /* HappyEnding.wav */,
				EA403B3D20DC21B400166347 /* Ominous.wav */,
				EA403B3C20DC21B400166347 /* PageTurn.wav */,
			);
			path = Resources;
			sourceTree = "<group>";
		};
/* End PBXGroup section */

/* Begin PBXNativeTarget section */
		EA22D39720D3EAD700A160F5 /* Fate Twist */ = {
			isa = PBXNativeTarget;
			buildConfigurationList = EA22D3AA20D3EAD800A160F5 /* Build configuration list for PBXNativeTarget "Fate Twist" */;
			buildPhases = (
				EA22D39420D3EAD700A160F5 /* Sources */,
				EA22D39520D3EAD700A160F5 /* Frameworks */,
				EA22D39620D3EAD700A160F5 /* Resources */,
			);
			buildRules = (
			);
			dependencies = (
			);
			name = "Fate Twist";
			productName = "Fate Twist";
			productReference = EA22D39820D3EAD700A160F5 /* Fate Twist.app */;
			productType = "com.apple.product-type.application";
		};
/* End PBXNativeTarget section */

/* Begin PBXProject section */
		EA22D39020D3EAD700A160F5 /* Project object */ = {
			isa = PBXProject;
			attributes = {
				LastSwiftUpdateCheck = 0940;
				LastUpgradeCheck = 0940;
				ORGANIZATIONNAME = "Eduard Caziuc";
				TargetAttributes = {
					EA22D39720D3EAD700A160F5 = {
						CreatedOnToolsVersion = 9.4.1;
					};
				};
			};
			buildConfigurationList = EA22D39320D3EAD700A160F5 /* Build configuration list for PBXProject "Fate Twist" */;
			compatibilityVersion = "Xcode 9.3";
			developmentRegion = en;
			hasScannedForEncodings = 0;
			knownRegions = (
				en,
				Base,
			);
			mainGroup = EA22D38F20D3EAD700A160F5;
			productRefGroup = EA22D39920D3EAD700A160F5 /* Products */;
			projectDirPath = "";
			projectRoot = "";
			targets = (
				EA22D39720D3EAD700A160F5 /* Fate Twist */,
			);
		};
/* End PBXProject section */

/* Begin PBXResourcesBuildPhase section */
		EA22D39620D3EAD700A160F5 /* Resources */ = {
			isa = PBXResourcesBuildPhase;
			buildActionMask = 2147483647;
			files = (
				EA403B3F20DC21B400166347 /* PageTurn.wav in Resources */,
				EA22D3A620D3EAD800A160F5 /* LaunchScreen.storyboard in Resources */,
				EA22D3A320D3EAD800A160F5 /* Assets.xcassets in Resources */,
				EA403B3E20DC21B400166347 /* HappyEnding.wav in Resources */,
				EA22D3A120D3EAD700A160F5 /* Main.storyboard in Resources */,
				EA403B4020DC21B400166347 /* Ominous.wav in Resources */,
			);
			runOnlyForDeploymentPostprocessing = 0;
		};
/* End PBXResourcesBuildPhase section */

/* Begin PBXSourcesBuildPhase section */
		EA22D39420D3EAD700A160F5 /* Sources */ = {
			isa = PBXSourcesBuildPhase;
			buildActionMask = 2147483647;
			files = (
				EA403B4220DC223900166347 /* Audio.swift in Sources */,
				EA22D39E20D3EAD700A160F5 /* ViewController.swift in Sources */,
				EA22D39C20D3EAD700A160F5 /* AppDelegate.swift in Sources */,
				EA22D3B620D42AC900A160F5 /* PageController.swift in Sources */,
				EA13956120E7EA4B0070D4F7 /* UIButtonExtension.swift in Sources */,
				EA22D3B020D4250700A160F5 /* Page.swift in Sources */,
				EA22D3AE20D41EFF00A160F5 /* Story.swift in Sources */,
			);
			runOnlyForDeploymentPostprocessing = 0;
		};
/* End PBXSourcesBuildPhase section */

/* Begin PBXVariantGroup section */
		EA22D39F20D3EAD700A160F5 /* Main.storyboard */ = {
			isa = PBXVariantGroup;
			children = (
				EA22D3A020D3EAD700A160F5 /* Base */,
			);
			name = Main.storyboard;
			sourceTree = "<group>";
		};
		EA22D3A420D3EAD800A160F5 /* LaunchScreen.storyboard */ = {
			isa = PBXVariantGroup;
			children = (
				EA22D3A520D3EAD800A160F5 /* Base */,
			);
			name = LaunchScreen.storyboard;
			sourceTree = "<group>";
		};
/* End PBXVariantGroup section */

/* Begin XCBuildConfiguration section */
		EA22D3A820D3EAD800A160F5 /* Debug */ = {
			isa = XCBuildConfiguration;
			buildSettings = {
				ALWAYS_SEARCH_USER_PATHS = NO;
				CLANG_ANALYZER_NONNULL = YES;
				CLANG_ANALYZER_NUMBER_OBJECT_CONVERSION = YES_AGGRESSIVE;
				CLANG_CXX_LANGUAGE_STANDARD = "gnu++14";
				CLANG_CXX_LIBRARY = "libc++";
				CLANG_ENABLE_MODULES = YES;
				CLANG_ENABLE_OBJC_ARC = YES;
				CLANG_ENABLE_OBJC_WEAK = YES;
				CLANG_WARN_BLOCK_CAPTURE_AUTORELEASING = YES;
				CLANG_WARN_BOOL_CONVERSION = YES;
				CLANG_WARN_COMMA = YES;
				CLANG_WARN_CONSTANT_CONVERSION = YES;
				CLANG_WARN_DEPRECATED_OBJC_IMPLEMENTATIONS = YES;
				CLANG_WARN_DIRECT_OBJC_ISA_USAGE = YES_ERROR;
				CLANG_WARN_DOCUMENTATION_COMMENTS = YES;
				CLANG_WARN_EMPTY_BODY = YES;
				CLANG_WARN_ENUM_CONVERSION = YES;
				CLANG_WARN_INFINITE_RECURSION = YES;
				CLANG_WARN_INT_CONVERSION = YES;
				CLANG_WARN_NON_LITERAL_NULL_CONVERSION = YES;
				CLANG_WARN_OBJC_IMPLICIT_RETAIN_SELF = YES;
				CLANG_WARN_OBJC_LITERAL_CONVERSION = YES;
				CLANG_WARN_OBJC_ROOT_CLASS = YES_ERROR;
				CLANG_WARN_RANGE_LOOP_ANALYSIS = YES;
				CLANG_WARN_STRICT_PROTOTYPES = YES;
				CLANG_WARN_SUSPICIOUS_MOVE = YES;
				CLANG_WARN_UNGUARDED_AVAILABILITY = YES_AGGRESSIVE;
				CLANG_WARN_UNREACHABLE_CODE = YES;
				CLANG_WARN__DUPLICATE_METHOD_MATCH = YES;
				CODE_SIGN_IDENTITY = "iPhone Developer";
				COPY_PHASE_STRIP = NO;
				DEBUG_INFORMATION_FORMAT = dwarf;
				ENABLE_STRICT_OBJC_MSGSEND = YES;
				ENABLE_TESTABILITY = YES;
				GCC_C_LANGUAGE_STANDARD = gnu11;
				GCC_DYNAMIC_NO_PIC = NO;
				GCC_NO_COMMON_BLOCKS = YES;
				GCC_OPTIMIZATION_LEVEL = 0;
				GCC_PREPROCESSOR_DEFINITIONS = (
					"DEBUG=1",
					"$(inherited)",
				);
				GCC_WARN_64_TO_32_BIT_CONVERSION = YES;
				GCC_WARN_ABOUT_RETURN_TYPE = YES_ERROR;
				GCC_WARN_UNDECLARED_SELECTOR = YES;
				GCC_WARN_UNINITIALIZED_AUTOS = YES_AGGRESSIVE;
				GCC_WARN_UNUSED_FUNCTION = YES;
				GCC_WARN_UNUSED_VARIABLE = YES;
				IPHONEOS_DEPLOYMENT_TARGET = 11.4;
				MTL_ENABLE_DEBUG_INFO = YES;
				ONLY_ACTIVE_ARCH = YES;
				SDKROOT = iphoneos;
				SWIFT_ACTIVE_COMPILATION_CONDITIONS = DEBUG;
				SWIFT_OPTIMIZATION_LEVEL = "-Onone";
			};
			name = Debug;
		};
		EA22D3A920D3EAD800A160F5 /* Release */ = {
			isa = XCBuildConfiguration;
			buildSettings = {
				ALWAYS_SEARCH_USER_PATHS = NO;
				CLANG_ANALYZER_NONNULL = YES;
				CLANG_ANALYZER_NUMBER_OBJECT_CONVERSION = YES_AGGRESSIVE;
				CLANG_CXX_LANGUAGE_STANDARD = "gnu++14";
				CLANG_CXX_LIBRARY = "libc++";
				CLANG_ENABLE_MODULES = YES;
				CLANG_ENABLE_OBJC_ARC = YES;
				CLANG_ENABLE_OBJC_WEAK = YES;
				CLANG_WARN_BLOCK_CAPTURE_AUTORELEASING = YES;
				CLANG_WARN_BOOL_CONVERSION = YES;
				CLANG_WARN_COMMA = YES;
				CLANG_WARN_CONSTANT_CONVERSION = YES;
				CLANG_WARN_DEPRECATED_OBJC_IMPLEMENTATIONS = YES;
				CLANG_WARN_DIRECT_OBJC_ISA_USAGE = YES_ERROR;
				CLANG_WARN_DOCUMENTATION_COMMENTS = YES;
				CLANG_WARN_EMPTY_BODY = YES;
				CLANG_WARN_ENUM_CONVERSION = YES;
				CLANG_WARN_INFINITE_RECURSION = YES;
				CLANG_WARN_INT_CONVERSION = YES;
				CLANG_WARN_NON_LITERAL_NULL_CONVERSION = YES;
				CLANG_WARN_OBJC_IMPLICIT_RETAIN_SELF = YES;
				CLANG_WARN_OBJC_LITERAL_CONVERSION = YES;
				CLANG_WARN_OBJC_ROOT_CLASS = YES_ERROR;
				CLANG_WARN_RANGE_LOOP_ANALYSIS = YES;
				CLANG_WARN_STRICT_PROTOTYPES = YES;
				CLANG_WARN_SUSPICIOUS_MOVE = YES;
				CLANG_WARN_UNGUARDED_AVAILABILITY = YES_AGGRESSIVE;
				CLANG_WARN_UNREACHABLE_CODE = YES;
				CLANG_WARN__DUPLICATE_METHOD_MATCH = YES;
				CODE_SIGN_IDENTITY = "iPhone Developer";
				COPY_PHASE_STRIP = NO;
				DEBUG_INFORMATION_FORMAT = "dwarf-with-dsym";
				ENABLE_NS_ASSERTIONS = NO;
				ENABLE_STRICT_OBJC_MSGSEND = YES;
				GCC_C_LANGUAGE_STANDARD = gnu11;
				GCC_NO_COMMON_BLOCKS = YES;
				GCC_WARN_64_TO_32_BIT_CONVERSION = YES;
				GCC_WARN_ABOUT_RETURN_TYPE = YES_ERROR;
				GCC_WARN_UNDECLARED_SELECTOR = YES;
				GCC_WARN_UNINITIALIZED_AUTOS = YES_AGGRESSIVE;
				GCC_WARN_UNUSED_FUNCTION = YES;
				GCC_WARN_UNUSED_VARIABLE = YES;
				IPHONEOS_DEPLOYMENT_TARGET = 11.4;
				MTL_ENABLE_DEBUG_INFO = NO;
				SDKROOT = iphoneos;
				SWIFT_COMPILATION_MODE = wholemodule;
				SWIFT_OPTIMIZATION_LEVEL = "-O";
				VALIDATE_PRODUCT = YES;
			};
			name = Release;
		};
		EA22D3AB20D3EAD800A160F5 /* Debug */ = {
			isa = XCBuildConfiguration;
			buildSettings = {
				ASSETCATALOG_COMPILER_APPICON_NAME = AppIcon;
				CODE_SIGN_STYLE = Automatic;
				DEVELOPMENT_TEAM = ZU8DL4JP3R;
				INFOPLIST_FILE = "Fate Twist/Info.plist";
				LD_RUNPATH_SEARCH_PATHS = (
					"$(inherited)",
					"@executable_path/Frameworks",
				);
				PRODUCT_BUNDLE_IDENTIFIER = "com.teameduard.Fate-Twist";
				PRODUCT_NAME = "$(TARGET_NAME)";
				SWIFT_VERSION = 4.0;
				TARGETED_DEVICE_FAMILY = "1,2";
			};
			name = Debug;
		};
		EA22D3AC20D3EAD800A160F5 /* Release */ = {
			isa = XCBuildConfiguration;
			buildSettings = {
				ASSETCATALOG_COMPILER_APPICON_NAME = AppIcon;
				CODE_SIGN_STYLE = Automatic;
				DEVELOPMENT_TEAM = ZU8DL4JP3R;
				INFOPLIST_FILE = "Fate Twist/Info.plist";
				LD_RUNPATH_SEARCH_PATHS = (
					"$(inherited)",
					"@executable_path/Frameworks",
				);
				PRODUCT_BUNDLE_IDENTIFIER = "com.teameduard.Fate-Twist";
				PRODUCT_NAME = "$(TARGET_NAME)";
				SWIFT_VERSION = 4.0;
				TARGETED_DEVICE_FAMILY = "1,2";
			};
			name = Release;
		};
/* End XCBuildConfiguration section */

/* Begin XCConfigurationList section */
		EA22D39320D3EAD700A160F5 /* Build configuration list for PBXProject "Fate Twist" */ = {
			isa = XCConfigurationList;
			buildConfigurations = (
				EA22D3A820D3EAD800A160F5 /* Debug */,
				EA22D3A920D3EAD800A160F5 /* Release */,
			);
			defaultConfigurationIsVisible = 0;
			defaultConfigurationName = Release;
		};
		EA22D3AA20D3EAD800A160F5 /* Build configuration list for PBXNativeTarget "Fate Twist" */ = {
			isa = XCConfigurationList;
			buildConfigurations = (
				EA22D3AB20D3EAD800A160F5 /* Debug */,
				EA22D3AC20D3EAD800A160F5 /* Release */,
			);
			defaultConfigurationIsVisible = 0;
			defaultConfigurationName = Release;
		};
/* End XCConfigurationList section */
	};
	rootObject = EA22D39020D3EAD700A160F5 /* Project object */;
}
